
Microsoft Visual Studio Solution File, Format Version 12.00
# Visual Studio Version 17
VisualStudioVersion = 17.8.34408.163
MinimumVisualStudioVersion = 10.0.40219.1
Project("{FAE04EC0-301F-11D3-BF4B-00C04F79EFBC}") = "Web", "My-Place-Backend\Web.csproj", "{25F921B2-0797-46B6-8A23-3D6B9170AB4A}"
EndProject
Project("{FAE04EC0-301F-11D3-BF4B-00C04F79EFBC}") = "Api", "api\Api.csproj", "{4E99971D-02A8-4021-A7C5-67EC6EBA0549}"
EndProject
Project("{FAE04EC0-301F-11D3-BF4B-00C04F79EFBC}") = "Domain", "Domain\Domain.csproj", "{1423F1C5-5906-492E-B697-6C3D3C955F5B}"
EndProject
Project("{FAE04EC0-301F-11D3-BF4B-00C04F79EFBC}") = "infrastructure", "infrastructure\infrastructure.csproj", "{5B20CE14-6DC1-4ACF-9F10-774234CA547D}"
EndProject
Global
	GlobalSection(SolutionConfigurationPlatforms) = preSolution
		Debug|Any CPU = Debug|Any CPU
		Release|Any CPU = Release|Any CPU
	EndGlobalSection
	GlobalSection(ProjectConfigurationPlatforms) = postSolution
		{25F921B2-0797-46B6-8A23-3D6B9170AB4A}.Debug|Any CPU.ActiveCfg = Debug|Any CPU
		{25F921B2-0797-46B6-8A23-3D6B9170AB4A}.Debug|Any CPU.Build.0 = Debug|Any CPU
		{25F921B2-0797-46B6-8A23-3D6B9170AB4A}.Release|Any CPU.ActiveCfg = Release|Any CPU
		{25F921B2-0797-46B6-8A23-3D6B9170AB4A}.Release|Any CPU.Build.0 = Release|Any CPU
		{4E99971D-02A8-4021-A7C5-67EC6EBA0549}.Debug|Any CPU.ActiveCfg = Debug|Any CPU
		{4E99971D-02A8-4021-A7C5-67EC6EBA0549}.Debug|Any CPU.Build.0 = Debug|Any CPU
		{4E99971D-02A8-4021-A7C5-67EC6EBA0549}.Release|Any CPU.ActiveCfg = Release|Any CPU
		{4E99971D-02A8-4021-A7C5-67EC6EBA0549}.Release|Any CPU.Build.0 = Release|Any CPU
		{1423F1C5-5906-492E-B697-6C3D3C955F5B}.Debug|Any CPU.ActiveCfg = Debug|Any CPU
		{1423F1C5-5906-492E-B697-6C3D3C955F5B}.Debug|Any CPU.Build.0 = Debug|Any CPU
		{1423F1C5-5906-492E-B697-6C3D3C955F5B}.Release|Any CPU.ActiveCfg = Release|Any CPU
		{1423F1C5-5906-492E-B697-6C3D3C955F5B}.Release|Any CPU.Build.0 = Release|Any CPU
		{5B20CE14-6DC1-4ACF-9F10-774234CA547D}.Debug|Any CPU.ActiveCfg = Debug|Any CPU
		{5B20CE14-6DC1-4ACF-9F10-774234CA547D}.Debug|Any CPU.Build.0 = Debug|Any CPU
		{5B20CE14-6DC1-4ACF-9F10-774234CA547D}.Release|Any CPU.ActiveCfg = Release|Any CPU
		{5B20CE14-6DC1-4ACF-9F10-774234CA547D}.Release|Any CPU.Build.0 = Release|Any CPU
	EndGlobalSection
	GlobalSection(SolutionProperties) = preSolution
		HideSolutionNode = FALSE
	EndGlobalSection
	GlobalSection(ExtensibilityGlobals) = postSolution
		SolutionGuid = {1198DB83-61C0-4D83-AA50-6D87A8A5A0C4}
	EndGlobalSection
EndGlobal
